
Microsoft Visual Studio Solution File, Format Version 12.00
# Visual Studio Version 17
VisualStudioVersion = 17.8.34330.188
MinimumVisualStudioVersion = 10.0.40219.1
Project("{FAE04EC0-301F-11D3-BF4B-00C04F79EFBC}") = "Chapter.Net.FileSystems", "Chapter.Net.FileSystems\Chapter.Net.FileSystems.csproj", "{A17DC616-4551-4112-88A9-92964CD1A9C9}"
EndProject
Global
	GlobalSection(SolutionConfigurationPlatforms) = preSolution
		Debug|Any CPU = Debug|Any CPU
		Release|Any CPU = Release|Any CPU
	EndGlobalSection
	GlobalSection(ProjectConfigurationPlatforms) = postSolution
		{A17DC616-4551-4112-88A9-92964CD1A9C9}.Debug|Any CPU.ActiveCfg = Debug|Any CPU
		{A17DC616-4551-4112-88A9-92964CD1A9C9}.Debug|Any CPU.Build.0 = Debug|Any CPU
		{A17DC616-4551-4112-88A9-92964CD1A9C9}.Release|Any CPU.ActiveCfg = Release|Any CPU
		{A17DC616-4551-4112-88A9-92964CD1A9C9}.Release|Any CPU.Build.0 = Release|Any CPU
	EndGlobalSection
	GlobalSection(SolutionProperties) = preSolution
		HideSolutionNode = FALSE
	EndGlobalSection
	GlobalSection(ExtensibilityGlobals) = postSolution
		SolutionGuid = {C173DADA-991C-4F1D-BA84-0417125A7F19}
	EndGlobalSection
EndGlobal
